// !$*UTF8*$!
{
	archiveVersion = 1;
	classes = {
	};
	objectVersion = 55;
	objects = {

/* Begin PBXBuildFile section */
		353128A328D17BC1006781EA /* NewsView.swift in Sources */ = {isa = PBXBuildFile; fileRef = 353128A228D17BC1006781EA /* NewsView.swift */; };
		35AB5A2128C8338F00B17570 /* InfodayApp.swift in Sources */ = {isa = PBXBuildFile; fileRef = 35AB5A2028C8338F00B17570 /* InfodayApp.swift */; };
		35AB5A2328C8338F00B17570 /* ContentView.swift in Sources */ = {isa = PBXBuildFile; fileRef = 35AB5A2228C8338F00B17570 /* ContentView.swift */; };
		35AB5A2528C8339000B17570 /* Assets.xcassets in Resources */ = {isa = PBXBuildFile; fileRef = 35AB5A2428C8339000B17570 /* Assets.xcassets */; };
		35AB5A2828C8339000B17570 /* Preview Assets.xcassets in Resources */ = {isa = PBXBuildFile; fileRef = 35AB5A2728C8339000B17570 /* Preview Assets.xcassets */; };
		35AB5A3228C8339000B17570 /* InfodayTests.swift in Sources */ = {isa = PBXBuildFile; fileRef = 35AB5A3128C8339000B17570 /* InfodayTests.swift */; };
		35AB5A3C28C8339000B17570 /* InfodayUITests.swift in Sources */ = {isa = PBXBuildFile; fileRef = 35AB5A3B28C8339000B17570 /* InfodayUITests.swift */; };
		35AB5A3E28C8339000B17570 /* InfodayUITestsLaunchTests.swift in Sources */ = {isa = PBXBuildFile; fileRef = 35AB5A3D28C8339000B17570 /* InfodayUITestsLaunchTests.swift */; };
		35AB5A4B28C837DF00B17570 /* InfoView.swift in Sources */ = {isa = PBXBuildFile; fileRef = 35AB5A4A28C837DF00B17570 /* InfoView.swift */; };
		35AB5A4D28C844C900B17570 /* MapView.swift in Sources */ = {isa = PBXBuildFile; fileRef = 35AB5A4C28C844C900B17570 /* MapView.swift */; };
		35AB5A4F28C84AC100B17570 /* DeptView.swift in Sources */ = {isa = PBXBuildFile; fileRef = 35AB5A4E28C84AC100B17570 /* DeptView.swift */; };
		35AB5A5128C84C2A00B17570 /* EventView.swift in Sources */ = {isa = PBXBuildFile; fileRef = 35AB5A5028C84C2A00B17570 /* EventView.swift */; };
/* End PBXBuildFile section */

/* Begin PBXContainerItemProxy section */
		35AB5A2E28C8339000B17570 /* PBXContainerItemProxy */ = {
			isa = PBXContainerItemProxy;
			containerPortal = 35AB5A1528C8338F00B17570 /* Project object */;
			proxyType = 1;
			remoteGlobalIDString = 35AB5A1C28C8338F00B17570;
			remoteInfo = Infoday;
		};
		35AB5A3828C8339000B17570 /* PBXContainerItemProxy */ = {
			isa = PBXContainerItemProxy;
			containerPortal = 35AB5A1528C8338F00B17570 /* Project object */;
			proxyType = 1;
			remoteGlobalIDString = 35AB5A1C28C8338F00B17570;
			remoteInfo = Infoday;
		};
/* End PBXContainerItemProxy section */

/* Begin PBXFileReference section */
		353128A228D17BC1006781EA /* NewsView.swift */ = {isa = PBXFileReference; lastKnownFileType = sourcecode.swift; path = NewsView.swift; sourceTree = "<group>"; };
		35AB5A1D28C8338F00B17570 /* Infoday.app */ = {isa = PBXFileReference; explicitFileType = wrapper.application; includeInIndex = 0; path = Infoday.app; sourceTree = BUILT_PRODUCTS_DIR; };
		35AB5A2028C8338F00B17570 /* InfodayApp.swift */ = {isa = PBXFileReference; lastKnownFileType = sourcecode.swift; path = InfodayApp.swift; sourceTree = "<group>"; };
		35AB5A2228C8338F00B17570 /* ContentView.swift */ = {isa = PBXFileReference; lastKnownFileType = sourcecode.swift; path = ContentView.swift; sourceTree = "<group>"; };
		35AB5A2428C8339000B17570 /* Assets.xcassets */ = {isa = PBXFileReference; lastKnownFileType = folder.assetcatalog; path = Assets.xcassets; sourceTree = "<group>"; };
		35AB5A2728C8339000B17570 /* Preview Assets.xcassets */ = {isa = PBXFileReference; lastKnownFileType = folder.assetcatalog; path = "Preview Assets.xcassets"; sourceTree = "<group>"; };
		35AB5A2D28C8339000B17570 /* InfodayTests.xctest */ = {isa = PBXFileReference; explicitFileType = wrapper.cfbundle; includeInIndex = 0; path = InfodayTests.xctest; sourceTree = BUILT_PRODUCTS_DIR; };
		35AB5A3128C8339000B17570 /* InfodayTests.swift */ = {isa = PBXFileReference; lastKnownFileType = sourcecode.swift; path = InfodayTests.swift; sourceTree = "<group>"; };
		35AB5A3728C8339000B17570 /* InfodayUITests.xctest */ = {isa = PBXFileReference; explicitFileType = wrapper.cfbundle; includeInIndex = 0; path = InfodayUITests.xctest; sourceTree = BUILT_PRODUCTS_DIR; };
		35AB5A3B28C8339000B17570 /* InfodayUITests.swift */ = {isa = PBXFileReference; lastKnownFileType = sourcecode.swift; path = InfodayUITests.swift; sourceTree = "<group>"; };
		35AB5A3D28C8339000B17570 /* InfodayUITestsLaunchTests.swift */ = {isa = PBXFileReference; lastKnownFileType = sourcecode.swift; path = InfodayUITestsLaunchTests.swift; sourceTree = "<group>"; };
		35AB5A4A28C837DF00B17570 /* InfoView.swift */ = {isa = PBXFileReference; lastKnownFileType = sourcecode.swift; path = InfoView.swift; sourceTree = "<group>"; };
		35AB5A4C28C844C900B17570 /* MapView.swift */ = {isa = PBXFileReference; lastKnownFileType = sourcecode.swift; path = MapView.swift; sourceTree = "<group>"; };
		35AB5A4E28C84AC100B17570 /* DeptView.swift */ = {isa = PBXFileReference; lastKnownFileType = sourcecode.swift; path = DeptView.swift; sourceTree = "<group>"; };
		35AB5A5028C84C2A00B17570 /* EventView.swift */ = {isa = PBXFileReference; lastKnownFileType = sourcecode.swift; path = EventView.swift; sourceTree = "<group>"; };
/* End PBXFileReference section */

/* Begin PBXFrameworksBuildPhase section */
		35AB5A1A28C8338F00B17570 /* Frameworks */ = {
			isa = PBXFrameworksBuildPhase;
			buildActionMask = 2147483647;
			files = (
			);
			runOnlyForDeploymentPostprocessing = 0;
		};
		35AB5A2A28C8339000B17570 /* Frameworks */ = {
			isa = PBXFrameworksBuildPhase;
			buildActionMask = 2147483647;
			files = (
			);
			runOnlyForDeploymentPostprocessing = 0;
		};
		35AB5A3428C8339000B17570 /* Frameworks */ = {
			isa = PBXFrameworksBuildPhase;
			buildActionMask = 2147483647;
			files = (
			);
			runOnlyForDeploymentPostprocessing = 0;
		};
/* End PBXFrameworksBuildPhase section */

/* Begin PBXGroup section */
		35AB5A1428C8338F00B17570 = {
			isa = PBXGroup;
			children = (
				35AB5A1F28C8338F00B17570 /* Infoday */,
				35AB5A3028C8339000B17570 /* InfodayTests */,
				35AB5A3A28C8339000B17570 /* InfodayUITests */,
				35AB5A1E28C8338F00B17570 /* Products */,
			);
			sourceTree = "<group>";
		};
		35AB5A1E28C8338F00B17570 /* Products */ = {
			isa = PBXGroup;
			children = (
				35AB5A1D28C8338F00B17570 /* Infoday.app */,
				35AB5A2D28C8339000B17570 /* InfodayTests.xctest */,
				35AB5A3728C8339000B17570 /* InfodayUITests.xctest */,
			);
			name = Products;
			sourceTree = "<group>";
		};
		35AB5A1F28C8338F00B17570 /* Infoday */ = {
			isa = PBXGroup;
			children = (
				35AB5A2028C8338F00B17570 /* InfodayApp.swift */,
				35AB5A2228C8338F00B17570 /* ContentView.swift */,
				35AB5A2428C8339000B17570 /* Assets.xcassets */,
				35AB5A2628C8339000B17570 /* Preview Content */,
				35AB5A4A28C837DF00B17570 /* InfoView.swift */,
				35AB5A4C28C844C900B17570 /* MapView.swift */,
				35AB5A4E28C84AC100B17570 /* DeptView.swift */,
				35AB5A5028C84C2A00B17570 /* EventView.swift */,
				353128A228D17BC1006781EA /* NewsView.swift */,
			);
			path = Infoday;
			sourceTree = "<group>";
		};
		35AB5A2628C8339000B17570 /* Preview Content */ = {
			isa = PBXGroup;
			children = (
				35AB5A2728C8339000B17570 /* Preview Assets.xcassets */,
			);
			path = "Preview Content";
			sourceTree = "<group>";
		};
		35AB5A3028C8339000B17570 /* InfodayTests */ = {
			isa = PBXGroup;
			children = (
				35AB5A3128C8339000B17570 /* InfodayTests.swift */,
			);
			path = InfodayTests;
			sourceTree = "<group>";
		};
		35AB5A3A28C8339000B17570 /* InfodayUITests */ = {
			isa = PBXGroup;
			children = (
				35AB5A3B28C8339000B17570 /* InfodayUITests.swift */,
				35AB5A3D28C8339000B17570 /* InfodayUITestsLaunchTests.swift */,
			);
			path = InfodayUITests;
			sourceTree = "<group>";
		};
/* End PBXGroup section */

/* Begin PBXNativeTarget section */
		35AB5A1C28C8338F00B17570 /* Infoday */ = {
			isa = PBXNativeTarget;
			buildConfigurationList = 35AB5A4128C8339000B17570 /* Build configuration list for PBXNativeTarget "Infoday" */;
			buildPhases = (
				35AB5A1928C8338F00B17570 /* Sources */,
				35AB5A1A28C8338F00B17570 /* Frameworks */,
				35AB5A1B28C8338F00B17570 /* Resources */,
			);
			buildRules = (
			);
			dependencies = (
			);
			name = Infoday;
			productName = Infoday;
			productReference = 35AB5A1D28C8338F00B17570 /* Infoday.app */;
			productType = "com.apple.product-type.application";
		};
		35AB5A2C28C8339000B17570 /* InfodayTests */ = {
			isa = PBXNativeTarget;
			buildConfigurationList = 35AB5A4428C8339000B17570 /* Build configuration list for PBXNativeTarget "InfodayTests" */;
			buildPhases = (
				35AB5A2928C8339000B17570 /* Sources */,
				35AB5A2A28C8339000B17570 /* Frameworks */,
				35AB5A2B28C8339000B17570 /* Resources */,
			);
			buildRules = (
			);
			dependencies = (
				35AB5A2F28C8339000B17570 /* PBXTargetDependency */,
			);
			name = InfodayTests;
			productName = InfodayTests;
			productReference = 35AB5A2D28C8339000B17570 /* InfodayTests.xctest */;
			productType = "com.apple.product-type.bundle.unit-test";
		};
		35AB5A3628C8339000B17570 /* InfodayUITests */ = {
			isa = PBXNativeTarget;
			buildConfigurationList = 35AB5A4728C8339000B17570 /* Build configuration list for PBXNativeTarget "InfodayUITests" */;
			buildPhases = (
				35AB5A3328C8339000B17570 /* Sources */,
				35AB5A3428C8339000B17570 /* Frameworks */,
				35AB5A3528C8339000B17570 /* Resources */,
			);
			buildRules = (
			);
			dependencies = (
				35AB5A3928C8339000B17570 /* PBXTargetDependency */,
			);
			name = InfodayUITests;
			productName = InfodayUITests;
			productReference = 35AB5A3728C8339000B17570 /* InfodayUITests.xctest */;
			productType = "com.apple.product-type.bundle.ui-testing";
		};
/* End PBXNativeTarget section */

/* Begin PBXProject section */
		35AB5A1528C8338F00B17570 /* Project object */ = {
			isa = PBXProject;
			attributes = {
				BuildIndependentTargetsInParallel = 1;
				LastSwiftUpdateCheck = 1340;
				LastUpgradeCheck = 1340;
				TargetAttributes = {
					35AB5A1C28C8338F00B17570 = {
						CreatedOnToolsVersion = 13.4.1;
					};
					35AB5A2C28C8339000B17570 = {
						CreatedOnToolsVersion = 13.4.1;
						TestTargetID = 35AB5A1C28C8338F00B17570;
					};
					35AB5A3628C8339000B17570 = {
						CreatedOnToolsVersion = 13.4.1;
						TestTargetID = 35AB5A1C28C8338F00B17570;
					};
				};
			};
			buildConfigurationList = 35AB5A1828C8338F00B17570 /* Build configuration list for PBXProject "Infoday" */;
			compatibilityVersion = "Xcode 13.0";
			developmentRegion = en;
			hasScannedForEncodings = 0;
			knownRegions = (
				en,
				Base,
			);
			mainGroup = 35AB5A1428C8338F00B17570;
			productRefGroup = 35AB5A1E28C8338F00B17570 /* Products */;
			projectDirPath = "";
			projectRoot = "";
			targets = (
				35AB5A1C28C8338F00B17570 /* Infoday */,
				35AB5A2C28C8339000B17570 /* InfodayTests */,
				35AB5A3628C8339000B17570 /* InfodayUITests */,
			);
		};
/* End PBXProject section */

/* Begin PBXResourcesBuildPhase section */
		35AB5A1B28C8338F00B17570 /* Resources */ = {
			isa = PBXResourcesBuildPhase;
			buildActionMask = 2147483647;
			files = (
				35AB5A2828C8339000B17570 /* Preview Assets.xcassets in Resources */,
				35AB5A2528C8339000B17570 /* Assets.xcassets in Resources */,
			);
			runOnlyForDeploymentPostprocessing = 0;
		};
		35AB5A2B28C8339000B17570 /* Resources */ = {
			isa = PBXResourcesBuildPhase;
			buildActionMask = 2147483647;
			files = (
			);
			runOnlyForDeploymentPostprocessing = 0;
		};
		35AB5A3528C8339000B17570 /* Resources */ = {
			isa = PBXResourcesBuildPhase;
			buildActionMask = 2147483647;
			files = (
			);
			runOnlyForDeploymentPostprocessing = 0;
		};
/* End PBXResourcesBuildPhase section */

/* Begin PBXSourcesBuildPhase section */
		35AB5A1928C8338F00B17570 /* Sources */ = {
			isa = PBXSourcesBuildPhase;
			buildActionMask = 2147483647;
			files = (
				35AB5A2328C8338F00B17570 /* ContentView.swift in Sources */,
				35AB5A4F28C84AC100B17570 /* DeptView.swift in Sources */,
				35AB5A4D28C844C900B17570 /* MapView.swift in Sources */,
				353128A328D17BC1006781EA /* NewsView.swift in Sources */,
				35AB5A5128C84C2A00B17570 /* EventView.swift in Sources */,
				35AB5A4B28C837DF00B17570 /* InfoView.swift in Sources */,
				35AB5A2128C8338F00B17570 /* InfodayApp.swift in Sources */,
			);
			runOnlyForDeploymentPostprocessing = 0;
		};
		35AB5A2928C8339000B17570 /* Sources */ = {
			isa = PBXSourcesBuildPhase;
			buildActionMask = 2147483647;
			files = (
				35AB5A3228C8339000B17570 /* InfodayTests.swift in Sources */,
			);
			runOnlyForDeploymentPostprocessing = 0;
		};
		35AB5A3328C8339000B17570 /* Sources */ = {
			isa = PBXSourcesBuildPhase;
			buildActionMask = 2147483647;
			files = (
				35AB5A3C28C8339000B17570 /* InfodayUITests.swift in Sources */,
				35AB5A3E28C8339000B17570 /* InfodayUITestsLaunchTests.swift in Sources */,
			);
			runOnlyForDeploymentPostprocessing = 0;
		};
/* End PBXSourcesBuildPhase section */

/* Begin PBXTargetDependency section */
		35AB5A2F28C8339000B17570 /* PBXTargetDependency */ = {
			isa = PBXTargetDependency;
			target = 35AB5A1C28C8338F00B17570 /* Infoday */;
			targetProxy = 35AB5A2E28C8339000B17570 /* PBXContainerItemProxy */;
		};
		35AB5A3928C8339000B17570 /* PBXTargetDependency */ = {
			isa = PBXTargetDependency;
			target = 35AB5A1C28C8338F00B17570 /* Infoday */;
			targetProxy = 35AB5A3828C8339000B17570 /* PBXContainerItemProxy */;
		};
/* End PBXTargetDependency section */

/* Begin XCBuildConfiguration section */
		35AB5A3F28C8339000B17570 /* Debug */ = {
			isa = XCBuildConfiguration;
			buildSettings = {
				ALWAYS_SEARCH_USER_PATHS = NO;
				CLANG_ANALYZER_NONNULL = YES;
				CLANG_ANALYZER_NUMBER_OBJECT_CONVERSION = YES_AGGRESSIVE;
				CLANG_CXX_LANGUAGE_STANDARD = "gnu++17";
				CLANG_ENABLE_MODULES = YES;
				CLANG_ENABLE_OBJC_ARC = YES;
				CLANG_ENABLE_OBJC_WEAK = YES;
				CLANG_WARN_BLOCK_CAPTURE_AUTORELEASING = YES;
				CLANG_WARN_BOOL_CONVERSION = YES;
				CLANG_WARN_COMMA = YES;
				CLANG_WARN_CONSTANT_CONVERSION = YES;
				CLANG_WARN_DEPRECATED_OBJC_IMPLEMENTATIONS = YES;
				CLANG_WARN_DIRECT_OBJC_ISA_USAGE = YES_ERROR;
				CLANG_WARN_DOCUMENTATION_COMMENTS = YES;
				CLANG_WARN_EMPTY_BODY = YES;
				CLANG_WARN_ENUM_CONVERSION = YES;
				CLANG_WARN_INFINITE_RECURSION = YES;
				CLANG_WARN_INT_CONVERSION = YES;
				CLANG_WARN_NON_LITERAL_NULL_CONVERSION = YES;
				CLANG_WARN_OBJC_IMPLICIT_RETAIN_SELF = YES;
				CLANG_WARN_OBJC_LITERAL_CONVERSION = YES;
				CLANG_WARN_OBJC_ROOT_CLASS = YES_ERROR;
				CLANG_WARN_QUOTED_INCLUDE_IN_FRAMEWORK_HEADER = YES;
				CLANG_WARN_RANGE_LOOP_ANALYSIS = YES;
				CLANG_WARN_STRICT_PROTOTYPES = YES;
				CLANG_WARN_SUSPICIOUS_MOVE = YES;
				CLANG_WARN_UNGUARDED_AVAILABILITY = YES_AGGRESSIVE;
				CLANG_WARN_UNREACHABLE_CODE = YES;
				CLANG_WARN__DUPLICATE_METHOD_MATCH = YES;
				COPY_PHASE_STRIP = NO;
				DEBUG_INFORMATION_FORMAT = dwarf;
				ENABLE_STRICT_OBJC_MSGSEND = YES;
				ENABLE_TESTABILITY = YES;
				GCC_C_LANGUAGE_STANDARD = gnu11;
				GCC_DYNAMIC_NO_PIC = NO;
				GCC_NO_COMMON_BLOCKS = YES;
				GCC_OPTIMIZATION_LEVEL = 0;
				GCC_PREPROCESSOR_DEFINITIONS = (
					"DEBUG=1",
					"$(inherited)",
				);
				GCC_WARN_64_TO_32_BIT_CONVERSION = YES;
				GCC_WARN_ABOUT_RETURN_TYPE = YES_ERROR;
				GCC_WARN_UNDECLARED_SELECTOR = YES;
				GCC_WARN_UNINITIALIZED_AUTOS = YES_AGGRESSIVE;
				GCC_WARN_UNUSED_FUNCTION = YES;
				GCC_WARN_UNUSED_VARIABLE = YES;
				IPHONEOS_DEPLOYMENT_TARGET = 15.5;
				MTL_ENABLE_DEBUG_INFO = INCLUDE_SOURCE;
				MTL_FAST_MATH = YES;
				ONLY_ACTIVE_ARCH = YES;
				SDKROOT = iphoneos;
				SWIFT_ACTIVE_COMPILATION_CONDITIONS = DEBUG;
				SWIFT_OPTIMIZATION_LEVEL = "-Onone";
			};
			name = Debug;
		};
		35AB5A4028C8339000B17570 /* Release */ = {
			isa = XCBuildConfiguration;
			buildSettings = {
				ALWAYS_SEARCH_USER_PATHS = NO;
				CLANG_ANALYZER_NONNULL = YES;
				CLANG_ANALYZER_NUMBER_OBJECT_CONVERSION = YES_AGGRESSIVE;
				CLANG_CXX_LANGUAGE_STANDARD = "gnu++17";
				CLANG_ENABLE_MODULES = YES;
				CLANG_ENABLE_OBJC_ARC = YES;
				CLANG_ENABLE_OBJC_WEAK = YES;
				CLANG_WARN_BLOCK_CAPTURE_AUTORELEASING = YES;
				CLANG_WARN_BOOL_CONVERSION = YES;
				CLANG_WARN_COMMA = YES;
				CLANG_WARN_CONSTANT_CONVERSION = YES;
				CLANG_WARN_DEPRECATED_OBJC_IMPLEMENTATIONS = YES;
				CLANG_WARN_DIRECT_OBJC_ISA_USAGE = YES_ERROR;
				CLANG_WARN_DOCUMENTATION_COMMENTS = YES;
				CLANG_WARN_EMPTY_BODY = YES;
				CLANG_WARN_ENUM_CONVERSION = YES;
				CLANG_WARN_INFINITE_RECURSION = YES;
				CLANG_WARN_INT_CONVERSION = YES;
				CLANG_WARN_NON_LITERAL_NULL_CONVERSION = YES;
				CLANG_WARN_OBJC_IMPLICIT_RETAIN_SELF = YES;
				CLANG_WARN_OBJC_LITERAL_CONVERSION = YES;
				CLANG_WARN_OBJC_ROOT_CLASS = YES_ERROR;
				CLANG_WARN_QUOTED_INCLUDE_IN_FRAMEWORK_HEADER = YES;
				CLANG_WARN_RANGE_LOOP_ANALYSIS = YES;
				CLANG_WARN_STRICT_PROTOTYPES = YES;
				CLANG_WARN_SUSPICIOUS_MOVE = YES;
				CLANG_WARN_UNGUARDED_AVAILABILITY = YES_AGGRESSIVE;
				CLANG_WARN_UNREACHABLE_CODE = YES;
				CLANG_WARN__DUPLICATE_METHOD_MATCH = YES;
				COPY_PHASE_STRIP = NO;
				DEBUG_INFORMATION_FORMAT = "dwarf-with-dsym";
				ENABLE_NS_ASSERTIONS = NO;
				ENABLE_STRICT_OBJC_MSGSEND = YES;
				GCC_C_LANGUAGE_STANDARD = gnu11;
				GCC_NO_COMMON_BLOCKS = YES;
				GCC_WARN_64_TO_32_BIT_CONVERSION = YES;
				GCC_WARN_ABOUT_RETURN_TYPE = YES_ERROR;
				GCC_WARN_UNDECLARED_SELECTOR = YES;
				GCC_WARN_UNINITIALIZED_AUTOS = YES_AGGRESSIVE;
				GCC_WARN_UNUSED_FUNCTION = YES;
				GCC_WARN_UNUSED_VARIABLE = YES;
				IPHONEOS_DEPLOYMENT_TARGET = 15.5;
				MTL_ENABLE_DEBUG_INFO = NO;
				MTL_FAST_MATH = YES;
				SDKROOT = iphoneos;
				SWIFT_COMPILATION_MODE = wholemodule;
				SWIFT_OPTIMIZATION_LEVEL = "-O";
				VALIDATE_PRODUCT = YES;
			};
			name = Release;
		};
		35AB5A4228C8339000B17570 /* Debug */ = {
			isa = XCBuildConfiguration;
			buildSettings = {
				ASSETCATALOG_COMPILER_APPICON_NAME = AppIcon;
				ASSETCATALOG_COMPILER_GLOBAL_ACCENT_COLOR_NAME = AccentColor;
				CODE_SIGN_STYLE = Automatic;
				CURRENT_PROJECT_VERSION = 1;
				DEVELOPMENT_ASSET_PATHS = "\"Infoday/Preview Content\"";
				ENABLE_PREVIEWS = YES;
				GENERATE_INFOPLIST_FILE = YES;
				INFOPLIST_KEY_UIApplicationSceneManifest_Generation = YES;
				INFOPLIST_KEY_UIApplicationSupportsIndirectInputEvents = YES;
				INFOPLIST_KEY_UILaunchScreen_Generation = YES;
				INFOPLIST_KEY_UISupportedInterfaceOrientations_iPad = "UIInterfaceOrientationPortrait UIInterfaceOrientationPortraitUpsideDown UIInterfaceOrientationLandscapeLeft UIInterfaceOrientationLandscapeRight";
				INFOPLIST_KEY_UISupportedInterfaceOrientations_iPhone = "UIInterfaceOrientationPortrait UIInterfaceOrientationLandscapeLeft UIInterfaceOrientationLandscapeRight";
				LD_RUNPATH_SEARCH_PATHS = (
					"$(inherited)",
					"@executable_path/Frameworks",
				);
				MARKETING_VERSION = 1.0;
				PRODUCT_BUNDLE_IDENTIFIER = mtchoy.Infoday;
				PRODUCT_NAME = "$(TARGET_NAME)";
				SWIFT_EMIT_LOC_STRINGS = YES;
				SWIFT_VERSION = 5.0;
				TARGETED_DEVICE_FAMILY = "1,2";
			};
			name = Debug;
		};
		35AB5A4328C8339000B17570 /* Release */ = {
			isa = XCBuildConfiguration;
			buildSettings = {
				ASSETCATALOG_COMPILER_APPICON_NAME = AppIcon;
				ASSETCATALOG_COMPILER_GLOBAL_ACCENT_COLOR_NAME = AccentColor;
				CODE_SIGN_STYLE = Automatic;
				CURRENT_PROJECT_VERSION = 1;
				DEVELOPMENT_ASSET_PATHS = "\"Infoday/Preview Content\"";
				ENABLE_PREVIEWS = YES;
				GENERATE_INFOPLIST_FILE = YES;
				INFOPLIST_KEY_UIApplicationSceneManifest_Generation = YES;
				INFOPLIST_KEY_UIApplicationSupportsIndirectInputEvents = YES;
				INFOPLIST_KEY_UILaunchScreen_Generation = YES;
				INFOPLIST_KEY_UISupportedInterfaceOrientations_iPad = "UIInterfaceOrientationPortrait UIInterfaceOrientationPortraitUpsideDown UIInterfaceOrientationLandscapeLeft UIInterfaceOrientationLandscapeRight";
				INFOPLIST_KEY_UISupportedInterfaceOrientations_iPhone = "UIInterfaceOrientationPortrait UIInterfaceOrientationLandscapeLeft UIInterfaceOrientationLandscapeRight";
				LD_RUNPATH_SEARCH_PATHS = (
					"$(inherited)",
					"@executable_path/Frameworks",
				);
				MARKETING_VERSION = 1.0;
				PRODUCT_BUNDLE_IDENTIFIER = mtchoy.Infoday;
				PRODUCT_NAME = "$(TARGET_NAME)";
				SWIFT_EMIT_LOC_STRINGS = YES;
				SWIFT_VERSION = 5.0;
				TARGETED_DEVICE_FAMILY = "1,2";
			};
			name = Release;
		};
		35AB5A4528C8339000B17570 /* Debug */ = {
			isa = XCBuildConfiguration;
			buildSettings = {
				ALWAYS_EMBED_SWIFT_STANDARD_LIBRARIES = YES;
				BUNDLE_LOADER = "$(TEST_HOST)";
				CODE_SIGN_STYLE = Automatic;
				CURRENT_PROJECT_VERSION = 1;
				GENERATE_INFOPLIST_FILE = YES;
				IPHONEOS_DEPLOYMENT_TARGET = 15.5;
				MARKETING_VERSION = 1.0;
				PRODUCT_BUNDLE_IDENTIFIER = mtchoy.InfodayTests;
				PRODUCT_NAME = "$(TARGET_NAME)";
				SWIFT_EMIT_LOC_STRINGS = NO;
				SWIFT_VERSION = 5.0;
				TARGETED_DEVICE_FAMILY = "1,2";
				TEST_HOST = "$(BUILT_PRODUCTS_DIR)/Infoday.app/Infoday";
			};
			name = Debug;
		};
		35AB5A4628C8339000B17570 /* Release */ = {
			isa = XCBuildConfiguration;
			buildSettings = {
				ALWAYS_EMBED_SWIFT_STANDARD_LIBRARIES = YES;
				BUNDLE_LOADER = "$(TEST_HOST)";
				CODE_SIGN_STYLE = Automatic;
				CURRENT_PROJECT_VERSION = 1;
				GENERATE_INFOPLIST_FILE = YES;
				IPHONEOS_DEPLOYMENT_TARGET = 15.5;
				MARKETING_VERSION = 1.0;
				PRODUCT_BUNDLE_IDENTIFIER = mtchoy.InfodayTests;
				PRODUCT_NAME = "$(TARGET_NAME)";
				SWIFT_EMIT_LOC_STRINGS = NO;
				SWIFT_VERSION = 5.0;
				TARGETED_DEVICE_FAMILY = "1,2";
				TEST_HOST = "$(BUILT_PRODUCTS_DIR)/Infoday.app/Infoday";
			};
			name = Release;
		};
		35AB5A4828C8339000B17570 /* Debug */ = {
			isa = XCBuildConfiguration;
			buildSettings = {
				ALWAYS_EMBED_SWIFT_STANDARD_LIBRARIES = YES;
				CODE_SIGN_STYLE = Automatic;
				CURRENT_PROJECT_VERSION = 1;
				GENERATE_INFOPLIST_FILE = YES;
				MARKETING_VERSION = 1.0;
				PRODUCT_BUNDLE_IDENTIFIER = mtchoy.InfodayUITests;
				PRODUCT_NAME = "$(TARGET_NAME)";
				SWIFT_EMIT_LOC_STRINGS = NO;
				SWIFT_VERSION = 5.0;
				TARGETED_DEVICE_FAMILY = "1,2";
				TEST_TARGET_NAME = Infoday;
			};
			name = Debug;
		};
		35AB5A4928C8339000B17570 /* Release */ = {
			isa = XCBuildConfiguration;
			buildSettings = {
				ALWAYS_EMBED_SWIFT_STANDARD_LIBRARIES = YES;
				CODE_SIGN_STYLE = Automatic;
				CURRENT_PROJECT_VERSION = 1;
				GENERATE_INFOPLIST_FILE = YES;
				MARKETING_VERSION = 1.0;
				PRODUCT_BUNDLE_IDENTIFIER = mtchoy.InfodayUITests;
				PRODUCT_NAME = "$(TARGET_NAME)";
				SWIFT_EMIT_LOC_STRINGS = NO;
				SWIFT_VERSION = 5.0;
				TARGETED_DEVICE_FAMILY = "1,2";
				TEST_TARGET_NAME = Infoday;
			};
			name = Release;
		};
/* End XCBuildConfiguration section */

/* Begin XCConfigurationList section */
		35AB5A1828C8338F00B17570 /* Build configuration list for PBXProject "Infoday" */ = {
			isa = XCConfigurationList;
			buildConfigurations = (
				35AB5A3F28C8339000B17570 /* Debug */,
				35AB5A4028C8339000B17570 /* Release */,
			);
			defaultConfigurationIsVisible = 0;
			defaultConfigurationName = Release;
		};
		35AB5A4128C8339000B17570 /* Build configuration list for PBXNativeTarget "Infoday" */ = {
			isa = XCConfigurationList;
			buildConfigurations = (
				35AB5A4228C8339000B17570 /* Debug */,
				35AB5A4328C8339000B17570 /* Release */,
			);
			defaultConfigurationIsVisible = 0;
			defaultConfigurationName = Release;
		};
		35AB5A4428C8339000B17570 /* Build configuration list for PBXNativeTarget "InfodayTests" */ = {
			isa = XCConfigurationList;
			buildConfigurations = (
				35AB5A4528C8339000B17570 /* Debug */,
				35AB5A4628C8339000B17570 /* Release */,
			);
			defaultConfigurationIsVisible = 0;
			defaultConfigurationName = Release;
		};
		35AB5A4728C8339000B17570 /* Build configuration list for PBXNativeTarget "InfodayUITests" */ = {
			isa = XCConfigurationList;
			buildConfigurations = (
				35AB5A4828C8339000B17570 /* Debug */,
				35AB5A4928C8339000B17570 /* Release */,
			);
			defaultConfigurationIsVisible = 0;
			defaultConfigurationName = Release;
		};
/* End XCConfigurationList section */
	};
	rootObject = 35AB5A1528C8338F00B17570 /* Project object */;
}
